
Microsoft Visual Studio Solution File, Format Version 12.00
# Visual Studio 15
VisualStudioVersion = 15.0.28307.757
MinimumVisualStudioVersion = 10.0.40219.1
Project("{9A19103F-16F7-4668-BE54-9A1E7A4F7556}") = "TeamDynamixLib", "TeamDynamixLib\TeamDynamixLib.csproj", "{A6EAB1BC-8708-4133-996B-1C75E64A638B}"
EndProject
Global
	GlobalSection(SolutionConfigurationPlatforms) = preSolution
		Debug|Any CPU = Debug|Any CPU
		Release|Any CPU = Release|Any CPU
	EndGlobalSection
	GlobalSection(ProjectConfigurationPlatforms) = postSolution
		{A6EAB1BC-8708-4133-996B-1C75E64A638B}.Debug|Any CPU.ActiveCfg = Debug|Any CPU
		{A6EAB1BC-8708-4133-996B-1C75E64A638B}.Debug|Any CPU.Build.0 = Debug|Any CPU
		{A6EAB1BC-8708-4133-996B-1C75E64A638B}.Release|Any CPU.ActiveCfg = Release|Any CPU
		{A6EAB1BC-8708-4133-996B-1C75E64A638B}.Release|Any CPU.Build.0 = Release|Any CPU
	EndGlobalSection
	GlobalSection(SolutionProperties) = preSolution
		HideSolutionNode = FALSE
	EndGlobalSection
	GlobalSection(ExtensibilityGlobals) = postSolution
		SolutionGuid = {FA6A2AEA-7E6F-4CEA-92DA-6AC0F9AACA6F}
	EndGlobalSection
EndGlobal
